{
  "name": "@mtc-247ia/perplexity-proxy",
  "version": "1.0.0",
  "lockfileVersion": 3,
  "requires": true,
  "packages": {
    "": {
      "name": "@mtc-247ia/perplexity-proxy",
      "version": "1.0.0",
      "license": "ISC",
      "dependencies": {
        "@perplexity-ai/perplexity_ai": "^0.35.0"
      }
    },
    "node_modules/@perplexity-ai/perplexity_ai": {
      "version": "0.35.0",
      "resolved": "https://registry.npmjs.org/@perplexity-ai/perplexity_ai/-/perplexity_ai-0.35.0.tgz",
      "integrity": "sha512-fKzHD8PjPQL81RTt9FDDCiFChPF2bCTW5ZdDI6xjgh4asa3DzfaYLusj5PkIdWu9xx8dr3Jtg2mI4JnAYu4f5Q==",
      "license": "Apache-2.0"
    }
  }
}
