{
  "name": "@luiggi-87/together-proxy",
  "version": "1.0.0",
  "lockfileVersion": 3,
  "requires": true,
  "packages": {
    "": {
      "name": "@luiggi-87/together-proxy",
      "version": "1.0.0",
      "license": "ISC",
      "dependencies": {
        "together-ai": "^0.40.0"
      }
    },
    "node_modules/together-ai": {
      "version": "0.40.0",
      "resolved": "https://registry.npmjs.org/together-ai/-/together-ai-0.40.0.tgz",
      "integrity": "sha512-7c1YeTTKpvQcDK1k+gN21LEpnbNEmyZfdndeC7aLNtJsIhixAyvvs1eHyhhe6AJecaOP0K0I1vnkEaMBLscRKA==",
      "license": "Apache-2.0",
      "bin": {
        "together-ai": "bin/cli"
      }
    }
  }
}
